{
  "nodes": {
    "nixpkgs": {
      "locked": {
        "lastModified": 1716330097,
        "narHash": "sha256-8BO3B7e3BiyIDsaKA0tY8O88rClYRTjvAp66y+VBUeU=",
        "owner": "NixOS",
        "repo": "nixpkgs",
        "rev": "5710852ba686cc1fd0d3b8e22b3117d43ba374c2",
        "type": "github"
      },
      "original": {
        "owner": "NixOS",
        "ref": "nixos-unstable",
        "repo": "nixpkgs",
        "type": "github"
      }
    },
    "root": {
      "inputs": {
        "nixpkgs": "nixpkgs",
        "slippi-desktop": "slippi-desktop"
      }
    },
    "slippi-desktop": {
      "flake": false,
      "locked": {
        "lastModified": 1713234497,
        "narHash": "sha256-UOZo3YybBldkn1McZRr0oAYEieTtjCGgcA4YqpEOyXI=",
        "owner": "project-slippi",
        "repo": "slippi-desktop-app",
        "rev": "ae8bb69e235b6e46b24bc966aeaa80f45030c6f9",
        "type": "github"
      },
      "original": {
        "owner": "project-slippi",
        "repo": "slippi-desktop-app",
        "type": "github"
      }
    }
  },
  "root": "root",
  "version": 7
}
