{
  "nodes": {
    "nixpkgs": {
      "locked": {
        "lastModified": 1721138476,
        "narHash": "sha256-+W5eZOhhemLQxelojLxETfbFbc19NWawsXBlapYpqIA=",
        "owner": "NixOS",
        "repo": "nixpkgs",
        "rev": "ad0b5eed1b6031efaed382844806550c3dcb4206",
        "type": "github"
      },
      "original": {
        "owner": "NixOS",
        "ref": "nixos-unstable",
        "repo": "nixpkgs",
        "type": "github"
      }
    },
    "root": {
      "inputs": {
        "nixpkgs": "nixpkgs",
        "slippi-desktop": "slippi-desktop"
      }
    },
    "slippi-desktop": {
      "flake": false,
      "locked": {
        "lastModified": 1721176156,
        "narHash": "sha256-tumVSYi10cSxh3U2OkHBlzp2dNrk6VtY1HytJ5w2GXI=",
        "owner": "project-slippi",
        "repo": "slippi-desktop-app",
        "rev": "0560dda5b1241fbc854986f95749c9994ad34e22",
        "type": "github"
      },
      "original": {
        "owner": "project-slippi",
        "repo": "slippi-desktop-app",
        "type": "github"
      }
    }
  },
  "root": "root",
  "version": 7
}
