{
  "nodes": {
    "nixpkgs": {
      "locked": {
        "lastModified": 1711703276,
        "narHash": "sha256-iMUFArF0WCatKK6RzfUJknjem0H9m4KgorO/p3Dopkk=",
        "owner": "NixOS",
        "repo": "nixpkgs",
        "rev": "d8fe5e6c92d0d190646fb9f1056741a229980089",
        "type": "github"
      },
      "original": {
        "owner": "NixOS",
        "ref": "nixos-unstable",
        "repo": "nixpkgs",
        "type": "github"
      }
    },
    "root": {
      "inputs": {
        "nixpkgs": "nixpkgs",
        "slippi-desktop": "slippi-desktop"
      }
    },
    "slippi-desktop": {
      "flake": false,
      "locked": {
        "lastModified": 1711346593,
        "narHash": "sha256-WWgGRT58w1a4UcEe924hqa4ZVodQtsbXC44aCOEj528=",
        "owner": "project-slippi",
        "repo": "slippi-desktop-app",
        "rev": "02f3f007cd03c6e2b0da57db65c90646efc04a86",
        "type": "github"
      },
      "original": {
        "owner": "project-slippi",
        "repo": "slippi-desktop-app",
        "type": "github"
      }
    }
  },
  "root": "root",
  "version": 7
}
